// !$*UTF8*$!
{
	archiveVersion = 1;
	classes = {
	};
	objectVersion = 77;
	objects = {

/* Begin PBXBuildFile section */
		528E48F72D638777008755A1 /* FirebaseAuth in Frameworks */ = {isa = PBXBuildFile; productRef = 528E48F62D638777008755A1 /* FirebaseAuth */; };
		528E48F92D638777008755A1 /* FirebaseFirestore in Frameworks */ = {isa = PBXBuildFile; productRef = 528E48F82D638777008755A1 /* FirebaseFirestore */; };
		528E48FB2D638777008755A1 /* FirebaseStorage in Frameworks */ = {isa = PBXBuildFile; productRef = 528E48FA2D638777008755A1 /* FirebaseStorage */; };
		528E49072D6392EA008755A1 /* FirebaseFirestoreCombine-Community in Frameworks */ = {isa = PBXBuildFile; productRef = 528E49062D6392EA008755A1 /* FirebaseFirestoreCombine-Community */; };
		52E0CB0B2D64D78400DFB935 /* README.md in Resources */ = {isa = PBXBuildFile; fileRef = 52E0CB0A2D64D78300DFB935 /* README.md */; };
/* End PBXBuildFile section */

/* Begin PBXContainerItemProxy section */
		528E48D92D638625008755A1 /* PBXContainerItemProxy */ = {
			isa = PBXContainerItemProxy;
			containerPortal = 528E48BE2D638623008755A1 /* Project object */;
			proxyType = 1;
			remoteGlobalIDString = 528E48C52D638623008755A1;
			remoteInfo = SportTracker;
		};
		528E48E32D638625008755A1 /* PBXContainerItemProxy */ = {
			isa = PBXContainerItemProxy;
			containerPortal = 528E48BE2D638623008755A1 /* Project object */;
			proxyType = 1;
			remoteGlobalIDString = 528E48C52D638623008755A1;
			remoteInfo = SportTracker;
		};
/* End PBXContainerItemProxy section */

/* Begin PBXFileReference section */
		528E48C62D638623008755A1 /* SportTracker.app */ = {isa = PBXFileReference; explicitFileType = wrapper.application; includeInIndex = 0; path = SportTracker.app; sourceTree = BUILT_PRODUCTS_DIR; };
		528E48D82D638625008755A1 /* SportTrackerTests.xctest */ = {isa = PBXFileReference; explicitFileType = wrapper.cfbundle; includeInIndex = 0; path = SportTrackerTests.xctest; sourceTree = BUILT_PRODUCTS_DIR; };
		528E48E22D638625008755A1 /* SportTrackerUITests.xctest */ = {isa = PBXFileReference; explicitFileType = wrapper.cfbundle; includeInIndex = 0; path = SportTrackerUITests.xctest; sourceTree = BUILT_PRODUCTS_DIR; };
		52E0CB0A2D64D78300DFB935 /* README.md */ = {isa = PBXFileReference; lastKnownFileType = net.daringfireball.markdown; path = README.md; sourceTree = "<group>"; };
/* End PBXFileReference section */

/* Begin PBXFileSystemSynchronizedRootGroup section */
		528E48C82D638623008755A1 /* SportTracker */ = {
			isa = PBXFileSystemSynchronizedRootGroup;
			path = SportTracker;
			sourceTree = "<group>";
		};
		528E48DB2D638625008755A1 /* SportTrackerTests */ = {
			isa = PBXFileSystemSynchronizedRootGroup;
			path = SportTrackerTests;
			sourceTree = "<group>";
		};
		528E48E52D638625008755A1 /* SportTrackerUITests */ = {
			isa = PBXFileSystemSynchronizedRootGroup;
			path = SportTrackerUITests;
			sourceTree = "<group>";
		};
/* End PBXFileSystemSynchronizedRootGroup section */

/* Begin PBXFrameworksBuildPhase section */
		528E48C32D638623008755A1 /* Frameworks */ = {
			isa = PBXFrameworksBuildPhase;
			buildActionMask = 2147483647;
			files = (
				528E48F72D638777008755A1 /* FirebaseAuth in Frameworks */,
				528E49072D6392EA008755A1 /* FirebaseFirestoreCombine-Community in Frameworks */,
				528E48F92D638777008755A1 /* FirebaseFirestore in Frameworks */,
				528E48FB2D638777008755A1 /* FirebaseStorage in Frameworks */,
			);
			runOnlyForDeploymentPostprocessing = 0;
		};
		528E48D52D638625008755A1 /* Frameworks */ = {
			isa = PBXFrameworksBuildPhase;
			buildActionMask = 2147483647;
			files = (
			);
			runOnlyForDeploymentPostprocessing = 0;
		};
		528E48DF2D638625008755A1 /* Frameworks */ = {
			isa = PBXFrameworksBuildPhase;
			buildActionMask = 2147483647;
			files = (
			);
			runOnlyForDeploymentPostprocessing = 0;
		};
/* End PBXFrameworksBuildPhase section */

/* Begin PBXGroup section */
		528E48BD2D638623008755A1 = {
			isa = PBXGroup;
			children = (
				52E0CB0A2D64D78300DFB935 /* README.md */,
				528E48C82D638623008755A1 /* SportTracker */,
				528E48DB2D638625008755A1 /* SportTrackerTests */,
				528E48E52D638625008755A1 /* SportTrackerUITests */,
				528E48C72D638623008755A1 /* Products */,
			);
			sourceTree = "<group>";
		};
		528E48C72D638623008755A1 /* Products */ = {
			isa = PBXGroup;
			children = (
				528E48C62D638623008755A1 /* SportTracker.app */,
				528E48D82D638625008755A1 /* SportTrackerTests.xctest */,
				528E48E22D638625008755A1 /* SportTrackerUITests.xctest */,
			);
			name = Products;
			sourceTree = "<group>";
		};
/* End PBXGroup section */

/* Begin PBXNativeTarget section */
		528E48C52D638623008755A1 /* SportTracker */ = {
			isa = PBXNativeTarget;
			buildConfigurationList = 528E48EC2D638625008755A1 /* Build configuration list for PBXNativeTarget "SportTracker" */;
			buildPhases = (
				528E48C22D638623008755A1 /* Sources */,
				528E48C32D638623008755A1 /* Frameworks */,
				528E48C42D638623008755A1 /* Resources */,
			);
			buildRules = (
			);
			dependencies = (
			);
			fileSystemSynchronizedGroups = (
				528E48C82D638623008755A1 /* SportTracker */,
			);
			name = SportTracker;
			packageProductDependencies = (
				528E48F62D638777008755A1 /* FirebaseAuth */,
				528E48F82D638777008755A1 /* FirebaseFirestore */,
				528E48FA2D638777008755A1 /* FirebaseStorage */,
				528E49062D6392EA008755A1 /* FirebaseFirestoreCombine-Community */,
			);
			productName = SportTracker;
			productReference = 528E48C62D638623008755A1 /* SportTracker.app */;
			productType = "com.apple.product-type.application";
		};
		528E48D72D638625008755A1 /* SportTrackerTests */ = {
			isa = PBXNativeTarget;
			buildConfigurationList = 528E48EF2D638625008755A1 /* Build configuration list for PBXNativeTarget "SportTrackerTests" */;
			buildPhases = (
				528E48D42D638625008755A1 /* Sources */,
				528E48D52D638625008755A1 /* Frameworks */,
				528E48D62D638625008755A1 /* Resources */,
			);
			buildRules = (
			);
			dependencies = (
				528E48DA2D638625008755A1 /* PBXTargetDependency */,
			);
			fileSystemSynchronizedGroups = (
				528E48DB2D638625008755A1 /* SportTrackerTests */,
			);
			name = SportTrackerTests;
			packageProductDependencies = (
			);
			productName = SportTrackerTests;
			productReference = 528E48D82D638625008755A1 /* SportTrackerTests.xctest */;
			productType = "com.apple.product-type.bundle.unit-test";
		};
		528E48E12D638625008755A1 /* SportTrackerUITests */ = {
			isa = PBXNativeTarget;
			buildConfigurationList = 528E48F22D638625008755A1 /* Build configuration list for PBXNativeTarget "SportTrackerUITests" */;
			buildPhases = (
				528E48DE2D638625008755A1 /* Sources */,
				528E48DF2D638625008755A1 /* Frameworks */,
				528E48E02D638625008755A1 /* Resources */,
			);
			buildRules = (
			);
			dependencies = (
				528E48E42D638625008755A1 /* PBXTargetDependency */,
			);
			fileSystemSynchronizedGroups = (
				528E48E52D638625008755A1 /* SportTrackerUITests */,
			);
			name = SportTrackerUITests;
			packageProductDependencies = (
			);
			productName = SportTrackerUITests;
			productReference = 528E48E22D638625008755A1 /* SportTrackerUITests.xctest */;
			productType = "com.apple.product-type.bundle.ui-testing";
		};
/* End PBXNativeTarget section */

/* Begin PBXProject section */
		528E48BE2D638623008755A1 /* Project object */ = {
			isa = PBXProject;
			attributes = {
				BuildIndependentTargetsInParallel = 1;
				LastSwiftUpdateCheck = 1610;
				LastUpgradeCheck = 1610;
				TargetAttributes = {
					528E48C52D638623008755A1 = {
						CreatedOnToolsVersion = 16.1;
					};
					528E48D72D638625008755A1 = {
						CreatedOnToolsVersion = 16.1;
						TestTargetID = 528E48C52D638623008755A1;
					};
					528E48E12D638625008755A1 = {
						CreatedOnToolsVersion = 16.1;
						TestTargetID = 528E48C52D638623008755A1;
					};
				};
			};
			buildConfigurationList = 528E48C12D638623008755A1 /* Build configuration list for PBXProject "SportTracker" */;
			developmentRegion = en;
			hasScannedForEncodings = 0;
			knownRegions = (
				en,
				Base,
			);
			mainGroup = 528E48BD2D638623008755A1;
			minimizedProjectReferenceProxies = 1;
			packageReferences = (
				528E48F52D638777008755A1 /* XCRemoteSwiftPackageReference "firebase-ios-sdk" */,
			);
			preferredProjectObjectVersion = 77;
			productRefGroup = 528E48C72D638623008755A1 /* Products */;
			projectDirPath = "";
			projectRoot = "";
			targets = (
				528E48C52D638623008755A1 /* SportTracker */,
				528E48D72D638625008755A1 /* SportTrackerTests */,
				528E48E12D638625008755A1 /* SportTrackerUITests */,
			);
		};
/* End PBXProject section */

/* Begin PBXResourcesBuildPhase section */
		528E48C42D638623008755A1 /* Resources */ = {
			isa = PBXResourcesBuildPhase;
			buildActionMask = 2147483647;
			files = (
				52E0CB0B2D64D78400DFB935 /* README.md in Resources */,
			);
			runOnlyForDeploymentPostprocessing = 0;
		};
		528E48D62D638625008755A1 /* Resources */ = {
			isa = PBXResourcesBuildPhase;
			buildActionMask = 2147483647;
			files = (
			);
			runOnlyForDeploymentPostprocessing = 0;
		};
		528E48E02D638625008755A1 /* Resources */ = {
			isa = PBXResourcesBuildPhase;
			buildActionMask = 2147483647;
			files = (
			);
			runOnlyForDeploymentPostprocessing = 0;
		};
/* End PBXResourcesBuildPhase section */

/* Begin PBXSourcesBuildPhase section */
		528E48C22D638623008755A1 /* Sources */ = {
			isa = PBXSourcesBuildPhase;
			buildActionMask = 2147483647;
			files = (
			);
			runOnlyForDeploymentPostprocessing = 0;
		};
		528E48D42D638625008755A1 /* Sources */ = {
			isa = PBXSourcesBuildPhase;
			buildActionMask = 2147483647;
			files = (
			);
			runOnlyForDeploymentPostprocessing = 0;
		};
		528E48DE2D638625008755A1 /* Sources */ = {
			isa = PBXSourcesBuildPhase;
			buildActionMask = 2147483647;
			files = (
			);
			runOnlyForDeploymentPostprocessing = 0;
		};
/* End PBXSourcesBuildPhase section */

/* Begin PBXTargetDependency section */
		528E48DA2D638625008755A1 /* PBXTargetDependency */ = {
			isa = PBXTargetDependency;
			target = 528E48C52D638623008755A1 /* SportTracker */;
			targetProxy = 528E48D92D638625008755A1 /* PBXContainerItemProxy */;
		};
		528E48E42D638625008755A1 /* PBXTargetDependency */ = {
			isa = PBXTargetDependency;
			target = 528E48C52D638623008755A1 /* SportTracker */;
			targetProxy = 528E48E32D638625008755A1 /* PBXContainerItemProxy */;
		};
/* End PBXTargetDependency section */

/* Begin XCBuildConfiguration section */
		528E48EA2D638625008755A1 /* Debug */ = {
			isa = XCBuildConfiguration;
			buildSettings = {
				ALWAYS_SEARCH_USER_PATHS = NO;
				ASSETCATALOG_COMPILER_GENERATE_SWIFT_ASSET_SYMBOL_EXTENSIONS = YES;
				CLANG_ANALYZER_NONNULL = YES;
				CLANG_ANALYZER_NUMBER_OBJECT_CONVERSION = YES_AGGRESSIVE;
				CLANG_CXX_LANGUAGE_STANDARD = "gnu++20";
				CLANG_ENABLE_MODULES = YES;
				CLANG_ENABLE_OBJC_ARC = YES;
				CLANG_ENABLE_OBJC_WEAK = YES;
				CLANG_WARN_BLOCK_CAPTURE_AUTORELEASING = YES;
				CLANG_WARN_BOOL_CONVERSION = YES;
				CLANG_WARN_COMMA = YES;
				CLANG_WARN_CONSTANT_CONVERSION = YES;
				CLANG_WARN_DEPRECATED_OBJC_IMPLEMENTATIONS = YES;
				CLANG_WARN_DIRECT_OBJC_ISA_USAGE = YES_ERROR;
				CLANG_WARN_DOCUMENTATION_COMMENTS = YES;
				CLANG_WARN_EMPTY_BODY = YES;
				CLANG_WARN_ENUM_CONVERSION = YES;
				CLANG_WARN_INFINITE_RECURSION = YES;
				CLANG_WARN_INT_CONVERSION = YES;
				CLANG_WARN_NON_LITERAL_NULL_CONVERSION = YES;
				CLANG_WARN_OBJC_IMPLICIT_RETAIN_SELF = YES;
				CLANG_WARN_OBJC_LITERAL_CONVERSION = YES;
				CLANG_WARN_OBJC_ROOT_CLASS = YES_ERROR;
				CLANG_WARN_QUOTED_INCLUDE_IN_FRAMEWORK_HEADER = YES;
				CLANG_WARN_RANGE_LOOP_ANALYSIS = YES;
				CLANG_WARN_STRICT_PROTOTYPES = YES;
				CLANG_WARN_SUSPICIOUS_MOVE = YES;
				CLANG_WARN_UNGUARDED_AVAILABILITY = YES_AGGRESSIVE;
				CLANG_WARN_UNREACHABLE_CODE = YES;
				CLANG_WARN__DUPLICATE_METHOD_MATCH = YES;
				COPY_PHASE_STRIP = NO;
				DEBUG_INFORMATION_FORMAT = dwarf;
				ENABLE_STRICT_OBJC_MSGSEND = YES;
				ENABLE_TESTABILITY = YES;
				ENABLE_USER_SCRIPT_SANDBOXING = YES;
				GCC_C_LANGUAGE_STANDARD = gnu17;
				GCC_DYNAMIC_NO_PIC = NO;
				GCC_NO_COMMON_BLOCKS = YES;
				GCC_OPTIMIZATION_LEVEL = 0;
				GCC_PREPROCESSOR_DEFINITIONS = (
					"DEBUG=1",
					"$(inherited)",
				);
				GCC_WARN_64_TO_32_BIT_CONVERSION = YES;
				GCC_WARN_ABOUT_RETURN_TYPE = YES_ERROR;
				GCC_WARN_UNDECLARED_SELECTOR = YES;
				GCC_WARN_UNINITIALIZED_AUTOS = YES_AGGRESSIVE;
				GCC_WARN_UNUSED_FUNCTION = YES;
				GCC_WARN_UNUSED_VARIABLE = YES;
				IPHONEOS_DEPLOYMENT_TARGET = 18.1;
				LOCALIZATION_PREFERS_STRING_CATALOGS = YES;
				MTL_ENABLE_DEBUG_INFO = INCLUDE_SOURCE;
				MTL_FAST_MATH = YES;
				ONLY_ACTIVE_ARCH = YES;
				SDKROOT = iphoneos;
				SWIFT_ACTIVE_COMPILATION_CONDITIONS = "DEBUG $(inherited)";
				SWIFT_OPTIMIZATION_LEVEL = "-Onone";
			};
			name = Debug;
		};
		528E48EB2D638625008755A1 /* Release */ = {
			isa = XCBuildConfiguration;
			buildSettings = {
				ALWAYS_SEARCH_USER_PATHS = NO;
				ASSETCATALOG_COMPILER_GENERATE_SWIFT_ASSET_SYMBOL_EXTENSIONS = YES;
				CLANG_ANALYZER_NONNULL = YES;
				CLANG_ANALYZER_NUMBER_OBJECT_CONVERSION = YES_AGGRESSIVE;
				CLANG_CXX_LANGUAGE_STANDARD = "gnu++20";
				CLANG_ENABLE_MODULES = YES;
				CLANG_ENABLE_OBJC_ARC = YES;
				CLANG_ENABLE_OBJC_WEAK = YES;
				CLANG_WARN_BLOCK_CAPTURE_AUTORELEASING = YES;
				CLANG_WARN_BOOL_CONVERSION = YES;
				CLANG_WARN_COMMA = YES;
				CLANG_WARN_CONSTANT_CONVERSION = YES;
				CLANG_WARN_DEPRECATED_OBJC_IMPLEMENTATIONS = YES;
				CLANG_WARN_DIRECT_OBJC_ISA_USAGE = YES_ERROR;
				CLANG_WARN_DOCUMENTATION_COMMENTS = YES;
				CLANG_WARN_EMPTY_BODY = YES;
				CLANG_WARN_ENUM_CONVERSION = YES;
				CLANG_WARN_INFINITE_RECURSION = YES;
				CLANG_WARN_INT_CONVERSION = YES;
				CLANG_WARN_NON_LITERAL_NULL_CONVERSION = YES;
				CLANG_WARN_OBJC_IMPLICIT_RETAIN_SELF = YES;
				CLANG_WARN_OBJC_LITERAL_CONVERSION = YES;
				CLANG_WARN_OBJC_ROOT_CLASS = YES_ERROR;
				CLANG_WARN_QUOTED_INCLUDE_IN_FRAMEWORK_HEADER = YES;
				CLANG_WARN_RANGE_LOOP_ANALYSIS = YES;
				CLANG_WARN_STRICT_PROTOTYPES = YES;
				CLANG_WARN_SUSPICIOUS_MOVE = YES;
				CLANG_WARN_UNGUARDED_AVAILABILITY = YES_AGGRESSIVE;
				CLANG_WARN_UNREACHABLE_CODE = YES;
				CLANG_WARN__DUPLICATE_METHOD_MATCH = YES;
				COPY_PHASE_STRIP = NO;
				DEBUG_INFORMATION_FORMAT = "dwarf-with-dsym";
				ENABLE_NS_ASSERTIONS = NO;
				ENABLE_STRICT_OBJC_MSGSEND = YES;
				ENABLE_USER_SCRIPT_SANDBOXING = YES;
				GCC_C_LANGUAGE_STANDARD = gnu17;
				GCC_NO_COMMON_BLOCKS = YES;
				GCC_WARN_64_TO_32_BIT_CONVERSION = YES;
				GCC_WARN_ABOUT_RETURN_TYPE = YES_ERROR;
				GCC_WARN_UNDECLARED_SELECTOR = YES;
				GCC_WARN_UNINITIALIZED_AUTOS = YES_AGGRESSIVE;
				GCC_WARN_UNUSED_FUNCTION = YES;
				GCC_WARN_UNUSED_VARIABLE = YES;
				IPHONEOS_DEPLOYMENT_TARGET = 18.1;
				LOCALIZATION_PREFERS_STRING_CATALOGS = YES;
				MTL_ENABLE_DEBUG_INFO = NO;
				MTL_FAST_MATH = YES;
				SDKROOT = iphoneos;
				SWIFT_COMPILATION_MODE = wholemodule;
				VALIDATE_PRODUCT = YES;
			};
			name = Release;
		};
		528E48ED2D638625008755A1 /* Debug */ = {
			isa = XCBuildConfiguration;
			buildSettings = {
				ASSETCATALOG_COMPILER_APPICON_NAME = AppIcon;
				ASSETCATALOG_COMPILER_GLOBAL_ACCENT_COLOR_NAME = AccentColor;
				CODE_SIGN_STYLE = Automatic;
				CURRENT_PROJECT_VERSION = 1;
				DEVELOPMENT_ASSET_PATHS = "\"SportTracker/Preview Content\"";
				DEVELOPMENT_TEAM = FMH4876MKB;
				ENABLE_PREVIEWS = YES;
				GENERATE_INFOPLIST_FILE = YES;
				INFOPLIST_KEY_UIApplicationSceneManifest_Generation = YES;
				INFOPLIST_KEY_UIApplicationSupportsIndirectInputEvents = YES;
				INFOPLIST_KEY_UILaunchScreen_Generation = YES;
				INFOPLIST_KEY_UISupportedInterfaceOrientations_iPad = "UIInterfaceOrientationPortrait UIInterfaceOrientationPortraitUpsideDown UIInterfaceOrientationLandscapeLeft UIInterfaceOrientationLandscapeRight";
				INFOPLIST_KEY_UISupportedInterfaceOrientations_iPhone = "UIInterfaceOrientationPortrait UIInterfaceOrientationLandscapeLeft UIInterfaceOrientationLandscapeRight";
				LD_RUNPATH_SEARCH_PATHS = (
					"$(inherited)",
					"@executable_path/Frameworks",
				);
				MARKETING_VERSION = 1.0;
				PRODUCT_BUNDLE_IDENTIFIER = com.hajducak.SportTracker;
				PRODUCT_NAME = "$(TARGET_NAME)";
				SWIFT_EMIT_LOC_STRINGS = YES;
				SWIFT_VERSION = 5.0;
				TARGETED_DEVICE_FAMILY = "1,2";
			};
			name = Debug;
		};
		528E48EE2D638625008755A1 /* Release */ = {
			isa = XCBuildConfiguration;
			buildSettings = {
				ASSETCATALOG_COMPILER_APPICON_NAME = AppIcon;
				ASSETCATALOG_COMPILER_GLOBAL_ACCENT_COLOR_NAME = AccentColor;
				CODE_SIGN_STYLE = Automatic;
				CURRENT_PROJECT_VERSION = 1;
				DEVELOPMENT_ASSET_PATHS = "\"SportTracker/Preview Content\"";
				DEVELOPMENT_TEAM = FMH4876MKB;
				ENABLE_PREVIEWS = YES;
				GENERATE_INFOPLIST_FILE = YES;
				INFOPLIST_KEY_UIApplicationSceneManifest_Generation = YES;
				INFOPLIST_KEY_UIApplicationSupportsIndirectInputEvents = YES;
				INFOPLIST_KEY_UILaunchScreen_Generation = YES;
				INFOPLIST_KEY_UISupportedInterfaceOrientations_iPad = "UIInterfaceOrientationPortrait UIInterfaceOrientationPortraitUpsideDown UIInterfaceOrientationLandscapeLeft UIInterfaceOrientationLandscapeRight";
				INFOPLIST_KEY_UISupportedInterfaceOrientations_iPhone = "UIInterfaceOrientationPortrait UIInterfaceOrientationLandscapeLeft UIInterfaceOrientationLandscapeRight";
				LD_RUNPATH_SEARCH_PATHS = (
					"$(inherited)",
					"@executable_path/Frameworks",
				);
				MARKETING_VERSION = 1.0;
				PRODUCT_BUNDLE_IDENTIFIER = com.hajducak.SportTracker;
				PRODUCT_NAME = "$(TARGET_NAME)";
				SWIFT_EMIT_LOC_STRINGS = YES;
				SWIFT_VERSION = 5.0;
				TARGETED_DEVICE_FAMILY = "1,2";
			};
			name = Release;
		};
		528E48F02D638625008755A1 /* Debug */ = {
			isa = XCBuildConfiguration;
			buildSettings = {
				BUNDLE_LOADER = "$(TEST_HOST)";
				CODE_SIGN_STYLE = Automatic;
				CURRENT_PROJECT_VERSION = 1;
				DEVELOPMENT_TEAM = FMH4876MKB;
				GENERATE_INFOPLIST_FILE = YES;
				IPHONEOS_DEPLOYMENT_TARGET = 18.1;
				MARKETING_VERSION = 1.0;
				PRODUCT_BUNDLE_IDENTIFIER = com.hajducak.SportTrackerTests;
				PRODUCT_NAME = "$(TARGET_NAME)";
				SWIFT_EMIT_LOC_STRINGS = NO;
				SWIFT_VERSION = 5.0;
				TARGETED_DEVICE_FAMILY = "1,2";
				TEST_HOST = "$(BUILT_PRODUCTS_DIR)/SportTracker.app/$(BUNDLE_EXECUTABLE_FOLDER_PATH)/SportTracker";
			};
			name = Debug;
		};
		528E48F12D638625008755A1 /* Release */ = {
			isa = XCBuildConfiguration;
			buildSettings = {
				BUNDLE_LOADER = "$(TEST_HOST)";
				CODE_SIGN_STYLE = Automatic;
				CURRENT_PROJECT_VERSION = 1;
				DEVELOPMENT_TEAM = FMH4876MKB;
				GENERATE_INFOPLIST_FILE = YES;
				IPHONEOS_DEPLOYMENT_TARGET = 18.1;
				MARKETING_VERSION = 1.0;
				PRODUCT_BUNDLE_IDENTIFIER = com.hajducak.SportTrackerTests;
				PRODUCT_NAME = "$(TARGET_NAME)";
				SWIFT_EMIT_LOC_STRINGS = NO;
				SWIFT_VERSION = 5.0;
				TARGETED_DEVICE_FAMILY = "1,2";
				TEST_HOST = "$(BUILT_PRODUCTS_DIR)/SportTracker.app/$(BUNDLE_EXECUTABLE_FOLDER_PATH)/SportTracker";
			};
			name = Release;
		};
		528E48F32D638625008755A1 /* Debug */ = {
			isa = XCBuildConfiguration;
			buildSettings = {
				CODE_SIGN_STYLE = Automatic;
				CURRENT_PROJECT_VERSION = 1;
				DEVELOPMENT_TEAM = FMH4876MKB;
				GENERATE_INFOPLIST_FILE = YES;
				MARKETING_VERSION = 1.0;
				PRODUCT_BUNDLE_IDENTIFIER = com.hajducak.SportTrackerUITests;
				PRODUCT_NAME = "$(TARGET_NAME)";
				SWIFT_EMIT_LOC_STRINGS = NO;
				SWIFT_VERSION = 5.0;
				TARGETED_DEVICE_FAMILY = "1,2";
				TEST_TARGET_NAME = SportTracker;
			};
			name = Debug;
		};
		528E48F42D638625008755A1 /* Release */ = {
			isa = XCBuildConfiguration;
			buildSettings = {
				CODE_SIGN_STYLE = Automatic;
				CURRENT_PROJECT_VERSION = 1;
				DEVELOPMENT_TEAM = FMH4876MKB;
				GENERATE_INFOPLIST_FILE = YES;
				MARKETING_VERSION = 1.0;
				PRODUCT_BUNDLE_IDENTIFIER = com.hajducak.SportTrackerUITests;
				PRODUCT_NAME = "$(TARGET_NAME)";
				SWIFT_EMIT_LOC_STRINGS = NO;
				SWIFT_VERSION = 5.0;
				TARGETED_DEVICE_FAMILY = "1,2";
				TEST_TARGET_NAME = SportTracker;
			};
			name = Release;
		};
/* End XCBuildConfiguration section */

/* Begin XCConfigurationList section */
		528E48C12D638623008755A1 /* Build configuration list for PBXProject "SportTracker" */ = {
			isa = XCConfigurationList;
			buildConfigurations = (
				528E48EA2D638625008755A1 /* Debug */,
				528E48EB2D638625008755A1 /* Release */,
			);
			defaultConfigurationIsVisible = 0;
			defaultConfigurationName = Release;
		};
		528E48EC2D638625008755A1 /* Build configuration list for PBXNativeTarget "SportTracker" */ = {
			isa = XCConfigurationList;
			buildConfigurations = (
				528E48ED2D638625008755A1 /* Debug */,
				528E48EE2D638625008755A1 /* Release */,
			);
			defaultConfigurationIsVisible = 0;
			defaultConfigurationName = Release;
		};
		528E48EF2D638625008755A1 /* Build configuration list for PBXNativeTarget "SportTrackerTests" */ = {
			isa = XCConfigurationList;
			buildConfigurations = (
				528E48F02D638625008755A1 /* Debug */,
				528E48F12D638625008755A1 /* Release */,
			);
			defaultConfigurationIsVisible = 0;
			defaultConfigurationName = Release;
		};
		528E48F22D638625008755A1 /* Build configuration list for PBXNativeTarget "SportTrackerUITests" */ = {
			isa = XCConfigurationList;
			buildConfigurations = (
				528E48F32D638625008755A1 /* Debug */,
				528E48F42D638625008755A1 /* Release */,
			);
			defaultConfigurationIsVisible = 0;
			defaultConfigurationName = Release;
		};
/* End XCConfigurationList section */

/* Begin XCRemoteSwiftPackageReference section */
		528E48F52D638777008755A1 /* XCRemoteSwiftPackageReference "firebase-ios-sdk" */ = {
			isa = XCRemoteSwiftPackageReference;
			repositoryURL = "https://github.com/firebase/firebase-ios-sdk";
			requirement = {
				kind = upToNextMajorVersion;
				minimumVersion = 11.8.1;
			};
		};
/* End XCRemoteSwiftPackageReference section */

/* Begin XCSwiftPackageProductDependency section */
		528E48F62D638777008755A1 /* FirebaseAuth */ = {
			isa = XCSwiftPackageProductDependency;
			package = 528E48F52D638777008755A1 /* XCRemoteSwiftPackageReference "firebase-ios-sdk" */;
			productName = FirebaseAuth;
		};
		528E48F82D638777008755A1 /* FirebaseFirestore */ = {
			isa = XCSwiftPackageProductDependency;
			package = 528E48F52D638777008755A1 /* XCRemoteSwiftPackageReference "firebase-ios-sdk" */;
			productName = FirebaseFirestore;
		};
		528E48FA2D638777008755A1 /* FirebaseStorage */ = {
			isa = XCSwiftPackageProductDependency;
			package = 528E48F52D638777008755A1 /* XCRemoteSwiftPackageReference "firebase-ios-sdk" */;
			productName = FirebaseStorage;
		};
		528E49062D6392EA008755A1 /* FirebaseFirestoreCombine-Community */ = {
			isa = XCSwiftPackageProductDependency;
			package = 528E48F52D638777008755A1 /* XCRemoteSwiftPackageReference "firebase-ios-sdk" */;
			productName = "FirebaseFirestoreCombine-Community";
		};
/* End XCSwiftPackageProductDependency section */
	};
	rootObject = 528E48BE2D638623008755A1 /* Project object */;
}
